
Microsoft Visual Studio Solution File, Format Version 12.00
# Visual Studio Version 16
VisualStudioVersion = 16.0.29418.71
MinimumVisualStudioVersion = 10.0.40219.1
Project("{FAE04EC0-301F-11D3-BF4B-00C04F79EFBC}") = "Ass2", "Ass2\Ass2.csproj", "{50DC6547-AD14-415D-8C6C-3F7887BD1E85}"
EndProject
Global
	GlobalSection(SolutionConfigurationPlatforms) = preSolution
		Debug|Any CPU = Debug|Any CPU
		Release|Any CPU = Release|Any CPU
	EndGlobalSection
	GlobalSection(ProjectConfigurationPlatforms) = postSolution
		{50DC6547-AD14-415D-8C6C-3F7887BD1E85}.Debug|Any CPU.ActiveCfg = Debug|Any CPU
		{50DC6547-AD14-415D-8C6C-3F7887BD1E85}.Debug|Any CPU.Build.0 = Debug|Any CPU
		{50DC6547-AD14-415D-8C6C-3F7887BD1E85}.Release|Any CPU.ActiveCfg = Release|Any CPU
		{50DC6547-AD14-415D-8C6C-3F7887BD1E85}.Release|Any CPU.Build.0 = Release|Any CPU
	EndGlobalSection
	GlobalSection(SolutionProperties) = preSolution
		HideSolutionNode = FALSE
	EndGlobalSection
	GlobalSection(ExtensibilityGlobals) = postSolution
		SolutionGuid = {7E71C7F2-EE73-4B2F-B3D4-AF37CAE9CC70}
	EndGlobalSection
EndGlobal
